
Microsoft Visual Studio Solution File, Format Version 12.00
# Visual Studio Version 16
VisualStudioVersion = 16.0.31321.278
MinimumVisualStudioVersion = 10.0.40219.1
Project("{FAE04EC0-301F-11D3-BF4B-00C04F79EFBC}") = "QuanLyNhaSach", "QuanLyNhaSach\QuanLyNhaSach.csproj", "{74794DC3-6969-4C25-BDAC-4414AFC119B6}"
EndProject
Global
	GlobalSection(SolutionConfigurationPlatforms) = preSolution
		Debug|Any CPU = Debug|Any CPU
		Release|Any CPU = Release|Any CPU
	EndGlobalSection
	GlobalSection(ProjectConfigurationPlatforms) = postSolution
		{74794DC3-6969-4C25-BDAC-4414AFC119B6}.Debug|Any CPU.ActiveCfg = Debug|Any CPU
		{74794DC3-6969-4C25-BDAC-4414AFC119B6}.Debug|Any CPU.Build.0 = Debug|Any CPU
		{74794DC3-6969-4C25-BDAC-4414AFC119B6}.Release|Any CPU.ActiveCfg = Release|Any CPU
		{74794DC3-6969-4C25-BDAC-4414AFC119B6}.Release|Any CPU.Build.0 = Release|Any CPU
	EndGlobalSection
	GlobalSection(SolutionProperties) = preSolution
		HideSolutionNode = FALSE
	EndGlobalSection
	GlobalSection(ExtensibilityGlobals) = postSolution
		SolutionGuid = {879FF335-EF3B-45C8-A42E-BBC2FF20A884}
	EndGlobalSection
EndGlobal
